
Microsoft Visual Studio Solution File, Format Version 12.00
# Visual Studio 14
VisualStudioVersion = 14.0.23107.0
MinimumVisualStudioVersion = 10.0.40219.1
Project("{FAE04EC0-301F-11D3-BF4B-00C04F79EFBC}") = "PandaLibrary", "ClassLibrary1\PandaLibrary.csproj", "{84E9E390-7979-4FC8-B2B7-6A5C4CE1C1D8}"
EndProject
Project("{FAE04EC0-301F-11D3-BF4B-00C04F79EFBC}") = "SocialNetworkLibrary", "SocialNetwork\SocialNetworkLibrary.csproj", "{16196B6A-7A64-4C71-959B-B9DE6E9A6EA4}"
EndProject
Project("{FAE04EC0-301F-11D3-BF4B-00C04F79EFBC}") = "PandaConsoleInterface", "PandaConsoleInterface\PandaConsoleInterface.csproj", "{F7D348FB-38F4-4FC7-89B8-E93F6E4A996F}"
EndProject
Global
	GlobalSection(SolutionConfigurationPlatforms) = preSolution
		Debug|Any CPU = Debug|Any CPU
		Release|Any CPU = Release|Any CPU
	EndGlobalSection
	GlobalSection(ProjectConfigurationPlatforms) = postSolution
		{84E9E390-7979-4FC8-B2B7-6A5C4CE1C1D8}.Debug|Any CPU.ActiveCfg = Debug|Any CPU
		{84E9E390-7979-4FC8-B2B7-6A5C4CE1C1D8}.Debug|Any CPU.Build.0 = Debug|Any CPU
		{84E9E390-7979-4FC8-B2B7-6A5C4CE1C1D8}.Release|Any CPU.ActiveCfg = Release|Any CPU
		{84E9E390-7979-4FC8-B2B7-6A5C4CE1C1D8}.Release|Any CPU.Build.0 = Release|Any CPU
		{16196B6A-7A64-4C71-959B-B9DE6E9A6EA4}.Debug|Any CPU.ActiveCfg = Debug|Any CPU
		{16196B6A-7A64-4C71-959B-B9DE6E9A6EA4}.Debug|Any CPU.Build.0 = Debug|Any CPU
		{16196B6A-7A64-4C71-959B-B9DE6E9A6EA4}.Release|Any CPU.ActiveCfg = Release|Any CPU
		{16196B6A-7A64-4C71-959B-B9DE6E9A6EA4}.Release|Any CPU.Build.0 = Release|Any CPU
		{F7D348FB-38F4-4FC7-89B8-E93F6E4A996F}.Debug|Any CPU.ActiveCfg = Debug|Any CPU
		{F7D348FB-38F4-4FC7-89B8-E93F6E4A996F}.Debug|Any CPU.Build.0 = Debug|Any CPU
		{F7D348FB-38F4-4FC7-89B8-E93F6E4A996F}.Release|Any CPU.ActiveCfg = Release|Any CPU
		{F7D348FB-38F4-4FC7-89B8-E93F6E4A996F}.Release|Any CPU.Build.0 = Release|Any CPU
	EndGlobalSection
	GlobalSection(SolutionProperties) = preSolution
		HideSolutionNode = FALSE
	EndGlobalSection
EndGlobal
